
Microsoft Visual Studio Solution File, Format Version 12.00
# Visual Studio 2013
VisualStudioVersion = 12.0.40629.0
MinimumVisualStudioVersion = 10.0.40219.1
Project("{FAE04EC0-301F-11D3-BF4B-00C04F79EFBC}") = "AzureADTest", "AzureADTest\AzureADTest.csproj", "{A4999E13-4361-4784-BA3C-52410A4C06F4}"
EndProject
Project("{FAE04EC0-301F-11D3-BF4B-00C04F79EFBC}") = "LocationSvc", "LocationSvc\LocationSvc.csproj", "{CB7CD2FB-BAE0-4C3E-82F9-D3904CD42ABE}"
EndProject
Project("{FAE04EC0-301F-11D3-BF4B-00C04F79EFBC}") = "LocationSvcClient", "LocationSvcClient\LocationSvcClient.csproj", "{5D0C0FF7-FC84-49DC-8252-1F9E865CB958}"
EndProject
Global
	GlobalSection(SolutionConfigurationPlatforms) = preSolution
		Debug|Any CPU = Debug|Any CPU
		Release|Any CPU = Release|Any CPU
	EndGlobalSection
	GlobalSection(ProjectConfigurationPlatforms) = postSolution
		{A4999E13-4361-4784-BA3C-52410A4C06F4}.Debug|Any CPU.ActiveCfg = Debug|Any CPU
		{A4999E13-4361-4784-BA3C-52410A4C06F4}.Debug|Any CPU.Build.0 = Debug|Any CPU
		{A4999E13-4361-4784-BA3C-52410A4C06F4}.Release|Any CPU.ActiveCfg = Release|Any CPU
		{A4999E13-4361-4784-BA3C-52410A4C06F4}.Release|Any CPU.Build.0 = Release|Any CPU
		{CB7CD2FB-BAE0-4C3E-82F9-D3904CD42ABE}.Debug|Any CPU.ActiveCfg = Debug|Any CPU
		{CB7CD2FB-BAE0-4C3E-82F9-D3904CD42ABE}.Debug|Any CPU.Build.0 = Debug|Any CPU
		{CB7CD2FB-BAE0-4C3E-82F9-D3904CD42ABE}.Release|Any CPU.ActiveCfg = Release|Any CPU
		{CB7CD2FB-BAE0-4C3E-82F9-D3904CD42ABE}.Release|Any CPU.Build.0 = Release|Any CPU
		{5D0C0FF7-FC84-49DC-8252-1F9E865CB958}.Debug|Any CPU.ActiveCfg = Debug|Any CPU
		{5D0C0FF7-FC84-49DC-8252-1F9E865CB958}.Debug|Any CPU.Build.0 = Debug|Any CPU
		{5D0C0FF7-FC84-49DC-8252-1F9E865CB958}.Release|Any CPU.ActiveCfg = Release|Any CPU
		{5D0C0FF7-FC84-49DC-8252-1F9E865CB958}.Release|Any CPU.Build.0 = Release|Any CPU
	EndGlobalSection
	GlobalSection(SolutionProperties) = preSolution
		HideSolutionNode = FALSE
	EndGlobalSection
EndGlobal
